
Microsoft Visual Studio Solution File, Format Version 12.00
Project("{FAE04EC0-301F-11D3-BF4B-00C04F79EFBC}") = "Frondendmonitoring", "Frondendmonitoring\Frondendmonitoring.csproj", "{957C14B9-94A5-4EFB-8C82-3CEC87B2F61F}"
EndProject
Global
	GlobalSection(SolutionConfigurationPlatforms) = preSolution
		Debug|Any CPU = Debug|Any CPU
		Release|Any CPU = Release|Any CPU
	EndGlobalSection
	GlobalSection(ProjectConfigurationPlatforms) = postSolution
		{957C14B9-94A5-4EFB-8C82-3CEC87B2F61F}.Debug|Any CPU.ActiveCfg = Debug|Any CPU
		{957C14B9-94A5-4EFB-8C82-3CEC87B2F61F}.Debug|Any CPU.Build.0 = Debug|Any CPU
		{957C14B9-94A5-4EFB-8C82-3CEC87B2F61F}.Release|Any CPU.ActiveCfg = Release|Any CPU
		{957C14B9-94A5-4EFB-8C82-3CEC87B2F61F}.Release|Any CPU.Build.0 = Release|Any CPU
	EndGlobalSection
EndGlobal
