
Microsoft Visual Studio Solution File, Format Version 12.00
Project("{FAE04EC0-301F-11D3-BF4B-00C04F79EFBC}") = "FrontendMonitoring", "FrontendMonitoring\FrontendMonitoring.csproj", "{79B053F2-8698-4ACF-81A0-27A04BA06B8E}"
EndProject
Project("{FAE04EC0-301F-11D3-BF4B-00C04F79EFBC}") = "frontendMonitoringUnittesten", "frontendMonitoringUnittesten\frontendMonitoringUnittesten.csproj", "{38D2D798-35EC-4149-BA97-8F5733A6EEC7}"
EndProject
Global
	GlobalSection(SolutionConfigurationPlatforms) = preSolution
		Debug|Any CPU = Debug|Any CPU
		Release|Any CPU = Release|Any CPU
	EndGlobalSection
	GlobalSection(ProjectConfigurationPlatforms) = postSolution
		{79B053F2-8698-4ACF-81A0-27A04BA06B8E}.Debug|Any CPU.ActiveCfg = Debug|Any CPU
		{79B053F2-8698-4ACF-81A0-27A04BA06B8E}.Debug|Any CPU.Build.0 = Debug|Any CPU
		{79B053F2-8698-4ACF-81A0-27A04BA06B8E}.Release|Any CPU.ActiveCfg = Release|Any CPU
		{79B053F2-8698-4ACF-81A0-27A04BA06B8E}.Release|Any CPU.Build.0 = Release|Any CPU
		{38D2D798-35EC-4149-BA97-8F5733A6EEC7}.Debug|Any CPU.ActiveCfg = Debug|Any CPU
		{38D2D798-35EC-4149-BA97-8F5733A6EEC7}.Debug|Any CPU.Build.0 = Debug|Any CPU
		{38D2D798-35EC-4149-BA97-8F5733A6EEC7}.Release|Any CPU.ActiveCfg = Release|Any CPU
		{38D2D798-35EC-4149-BA97-8F5733A6EEC7}.Release|Any CPU.Build.0 = Release|Any CPU
	EndGlobalSection
EndGlobal
