Microsoft Visual Studio Solution File, Format Version 12.00
# Visual Studio Version 17
VisualStudioVersion = 17.5.2.0
MinimumVisualStudioVersion = 10.0.40219.1
Project("{FAE04EC0-301F-11D3-BF4B-00C04F79EFBC}") = "FrontendMonitoring", "FrontendMonitoring.csproj", "{6E95CCE6-1232-5052-0371-E35461759E44}"
EndProject
Global
	GlobalSection(SolutionConfigurationPlatforms) = preSolution
		Debug|Any CPU = Debug|Any CPU
		Release|Any CPU = Release|Any CPU
	EndGlobalSection
	GlobalSection(ProjectConfigurationPlatforms) = postSolution
		{6E95CCE6-1232-5052-0371-E35461759E44}.Debug|Any CPU.ActiveCfg = Debug|Any CPU
		{6E95CCE6-1232-5052-0371-E35461759E44}.Debug|Any CPU.Build.0 = Debug|Any CPU
		{6E95CCE6-1232-5052-0371-E35461759E44}.Release|Any CPU.ActiveCfg = Release|Any CPU
		{6E95CCE6-1232-5052-0371-E35461759E44}.Release|Any CPU.Build.0 = Release|Any CPU
	EndGlobalSection
	GlobalSection(SolutionProperties) = preSolution
		HideSolutionNode = FALSE
	EndGlobalSection
	GlobalSection(ExtensibilityGlobals) = postSolution
		SolutionGuid = {82FDFCDE-15CC-48D0-ACEC-9647B4F0E52E}
	EndGlobalSection
EndGlobal
